
Microsoft Visual Studio Solution File, Format Version 12.00
# Visual Studio Version 16
VisualStudioVersion = 16.0.31624.102
MinimumVisualStudioVersion = 10.0.40219.1
Project("{FAE04EC0-301F-11D3-BF4B-00C04F79EFBC}") = "M3_CodeExamples", "M3_CodeExamples\M3_CodeExamples.csproj", "{67F2D486-65F5-472B-99DF-21E20FD1628D}"
EndProject
Global
	GlobalSection(SolutionConfigurationPlatforms) = preSolution
		Debug|Any CPU = Debug|Any CPU
		Release|Any CPU = Release|Any CPU
	EndGlobalSection
	GlobalSection(ProjectConfigurationPlatforms) = postSolution
		{67F2D486-65F5-472B-99DF-21E20FD1628D}.Debug|Any CPU.ActiveCfg = Debug|Any CPU
		{67F2D486-65F5-472B-99DF-21E20FD1628D}.Debug|Any CPU.Build.0 = Debug|Any CPU
		{67F2D486-65F5-472B-99DF-21E20FD1628D}.Release|Any CPU.ActiveCfg = Release|Any CPU
		{67F2D486-65F5-472B-99DF-21E20FD1628D}.Release|Any CPU.Build.0 = Release|Any CPU
	EndGlobalSection
	GlobalSection(SolutionProperties) = preSolution
		HideSolutionNode = FALSE
	EndGlobalSection
	GlobalSection(ExtensibilityGlobals) = postSolution
		SolutionGuid = {59FCBCCF-1844-49CD-BDF3-4D8D5F438939}
	EndGlobalSection
EndGlobal
